# THIS IS AN AUTOGENERATED FILE. DO NOT EDIT THIS FILE DIRECTLY.
# yarn lockfile v1


"@capacitor-community/http@../../dist/libs/http":
  version "1.0.0"
  dependencies:
    "@capacitor/android" "^3.0.0"
    "@capacitor/core" "^3.0.0"
    "@capacitor/filesystem" "^1.0.0"
    "@capacitor/ios" "^3.0.0"

"@capacitor/android@^3.0.0":
  version "3.0.1"
  resolved "https://registry.yarnpkg.com/@capacitor/android/-/android-3.0.1.tgz#77deddbde7c3624fdf4b40d3446ac31261f53771"
  integrity sha512-+bKm0J1/oSln8VlVRfC25AWn+lLFwvC3Q8OeIA7DyI36RPi8WMkGfVPvZ3EIywUKBquj7mVuEXXhiZyM+YlDeQ==

"@capacitor/core@^3.0.0":
  version "3.0.1"
  resolved "https://registry.yarnpkg.com/@capacitor/core/-/core-3.0.1.tgz#9e4498034b9e23ac7f3fcfd395fe79185c5d7779"
  integrity sha512-17iFkpICdOdTqfbKh3oXFYbwXn9dSxLe85PWeptXSW5jkiHN/YhI+iedRpcukv1QXkR1P629B+7kDqBcrzKL9w==
  dependencies:
    tslib "^2.1.0"

"@capacitor/filesystem@^1.0.0":
  version "1.0.1"
  resolved "https://registry.yarnpkg.com/@capacitor/filesystem/-/filesystem-1.0.1.tgz#48c1987e4eb0b14a27f0805e8debd01800734a6f"
  integrity sha512-DID5qryvvKvcptyxYCGHsq9SENiXiiECH0uuYlS9Eaasd6R+YCnwK2F8mhOOjnElvnaoVXTG1EGVe9mZEfHEEA==

"@capacitor/ios@^3.0.0":
  version "3.0.1"
  resolved "https://registry.yarnpkg.com/@capacitor/ios/-/ios-3.0.1.tgz#189ec4f473424b6435528f7cd68b545b79f1acc0"
  integrity sha512-g0xQgiGu0MyHl/17tEiMJUAL6sTj76pu3gtqY5wWGLAfTDRodDz2WjmV6i8OQvfrR69IWfdqEvKaFz7MCeHajg==

tslib@^2.1.0:
  version "2.3.0"
  resolved "https://registry.yarnpkg.com/tslib/-/tslib-2.3.0.tgz#803b8cdab3e12ba581a4ca41c8839bbb0dacb09e"
  integrity sha512-N82ooyxVNm6h1riLCoyS9e3fuJ3AMG2zIZs2Gd1ATcSFjSA23Q0fzjjZeh0jbJvWVDZ0cJT8yaNNaaXHzueNjg==
